
Microsoft Visual Studio Solution File, Format Version 12.00
# Visual Studio Version 16
VisualStudioVersion = 16.0.30907.101
MinimumVisualStudioVersion = 10.0.40219.1
Project("{FAE04EC0-301F-11D3-BF4B-00C04F79EFBC}") = "Radagast Website", "Radagast Website.csproj", "{28E0F234-C623-4353-B455-3EEFE776764E}"
EndProject
Project("{FAE04EC0-301F-11D3-BF4B-00C04F79EFBC}") = "DatabaseAccessClass", "..\DatabaseAccessClass\DatabaseAccessClass.csproj", "{42F7CAE9-A82E-4996-8E53-CFB08C2E708E}"
EndProject
Project("{FAE04EC0-301F-11D3-BF4B-00C04F79EFBC}") = "SITG_DATA_ACCESS_LIBRARY", "..\SITG_DATA_ACCESS_LIBRARY\SITG_DATA_ACCESS_LIBRARY.csproj", "{5230762A-3D25-4F01-91C2-DD47F33BB498}"
EndProject
Global
	GlobalSection(SolutionConfigurationPlatforms) = preSolution
		Debug|Any CPU = Debug|Any CPU
		Release|Any CPU = Release|Any CPU
	EndGlobalSection
	GlobalSection(ProjectConfigurationPlatforms) = postSolution
		{28E0F234-C623-4353-B455-3EEFE776764E}.Debug|Any CPU.ActiveCfg = Debug|Any CPU
		{28E0F234-C623-4353-B455-3EEFE776764E}.Debug|Any CPU.Build.0 = Debug|Any CPU
		{28E0F234-C623-4353-B455-3EEFE776764E}.Release|Any CPU.ActiveCfg = Release|Any CPU
		{28E0F234-C623-4353-B455-3EEFE776764E}.Release|Any CPU.Build.0 = Release|Any CPU
		{42F7CAE9-A82E-4996-8E53-CFB08C2E708E}.Debug|Any CPU.ActiveCfg = Debug|Any CPU
		{42F7CAE9-A82E-4996-8E53-CFB08C2E708E}.Debug|Any CPU.Build.0 = Debug|Any CPU
		{42F7CAE9-A82E-4996-8E53-CFB08C2E708E}.Release|Any CPU.ActiveCfg = Release|Any CPU
		{42F7CAE9-A82E-4996-8E53-CFB08C2E708E}.Release|Any CPU.Build.0 = Release|Any CPU
		{5230762A-3D25-4F01-91C2-DD47F33BB498}.Debug|Any CPU.ActiveCfg = Debug|Any CPU
		{5230762A-3D25-4F01-91C2-DD47F33BB498}.Debug|Any CPU.Build.0 = Debug|Any CPU
		{5230762A-3D25-4F01-91C2-DD47F33BB498}.Release|Any CPU.ActiveCfg = Release|Any CPU
		{5230762A-3D25-4F01-91C2-DD47F33BB498}.Release|Any CPU.Build.0 = Release|Any CPU
	EndGlobalSection
	GlobalSection(SolutionProperties) = preSolution
		HideSolutionNode = FALSE
	EndGlobalSection
	GlobalSection(ExtensibilityGlobals) = postSolution
		SolutionGuid = {4F9F7302-80D0-4F17-A3DE-129DF47E3E30}
	EndGlobalSection
EndGlobal
